
Microsoft Visual Studio Solution File, Format Version 12.00
# Visual Studio 2012
Project("{FAE04EC0-301F-11D3-BF4B-00C04F79EFBC}") = "PrizmApplication", "PrizmMainProject\PrizmApplication.csproj", "{B950DA6A-6F29-42FD-A021-433CECBE5046}"
EndProject
Project("{FAE04EC0-301F-11D3-BF4B-00C04F79EFBC}") = "UnitTests", "UnitTests\UnitTests.csproj", "{7EDA58AA-43C2-4788-89D4-416F9DDD2379}"
	ProjectSection(ProjectDependencies) = postProject
		{B950DA6A-6F29-42FD-A021-433CECBE5046} = {B950DA6A-6F29-42FD-A021-433CECBE5046}
	EndProjectSection
EndProject
Global
	GlobalSection(SolutionConfigurationPlatforms) = preSolution
		Debug|Any CPU = Debug|Any CPU
		Release|Any CPU = Release|Any CPU
	EndGlobalSection
	GlobalSection(ProjectConfigurationPlatforms) = postSolution
		{B950DA6A-6F29-42FD-A021-433CECBE5046}.Debug|Any CPU.ActiveCfg = Debug|Any CPU
		{B950DA6A-6F29-42FD-A021-433CECBE5046}.Debug|Any CPU.Build.0 = Debug|Any CPU
		{B950DA6A-6F29-42FD-A021-433CECBE5046}.Release|Any CPU.ActiveCfg = Release|Any CPU
		{B950DA6A-6F29-42FD-A021-433CECBE5046}.Release|Any CPU.Build.0 = Release|Any CPU
		{7EDA58AA-43C2-4788-89D4-416F9DDD2379}.Debug|Any CPU.ActiveCfg = Debug|Any CPU
		{7EDA58AA-43C2-4788-89D4-416F9DDD2379}.Debug|Any CPU.Build.0 = Debug|Any CPU
		{7EDA58AA-43C2-4788-89D4-416F9DDD2379}.Release|Any CPU.ActiveCfg = Release|Any CPU
		{7EDA58AA-43C2-4788-89D4-416F9DDD2379}.Release|Any CPU.Build.0 = Release|Any CPU
	EndGlobalSection
	GlobalSection(SolutionProperties) = preSolution
		HideSolutionNode = FALSE
	EndGlobalSection
EndGlobal
